// !$*UTF8*$!
{
	archiveVersion = 1;
	classes = {
	};
	objectVersion = 56;
	objects = {

/* Begin PBXBuildFile section */
		1D40747429A0D99000DB528D /* AppDelegate.swift in Sources */ = {isa = PBXBuildFile; fileRef = 1D40747329A0D99000DB528D /* AppDelegate.swift */; };
		1D40747629A0D99000DB528D /* SceneDelegate.swift in Sources */ = {isa = PBXBuildFile; fileRef = 1D40747529A0D99000DB528D /* SceneDelegate.swift */; };
		1D40747829A0D99000DB528D /* ViewController.swift in Sources */ = {isa = PBXBuildFile; fileRef = 1D40747729A0D99000DB528D /* ViewController.swift */; };
		1D40747B29A0D99000DB528D /* Main.storyboard in Resources */ = {isa = PBXBuildFile; fileRef = 1D40747929A0D99000DB528D /* Main.storyboard */; };
		1D40747E29A0D99000DB528D /* DiscoverMovie.xcdatamodeld in Sources */ = {isa = PBXBuildFile; fileRef = 1D40747C29A0D99000DB528D /* DiscoverMovie.xcdatamodeld */; };
		1D40748029A0D99200DB528D /* Assets.xcassets in Resources */ = {isa = PBXBuildFile; fileRef = 1D40747F29A0D99200DB528D /* Assets.xcassets */; };
		1D40748329A0D99200DB528D /* LaunchScreen.storyboard in Resources */ = {isa = PBXBuildFile; fileRef = 1D40748129A0D99200DB528D /* LaunchScreen.storyboard */; };
		1D40748E29A0D99200DB528D /* DiscoverMovieTests.swift in Sources */ = {isa = PBXBuildFile; fileRef = 1D40748D29A0D99200DB528D /* DiscoverMovieTests.swift */; };
		1D40749829A0D99200DB528D /* DiscoverMovieUITests.swift in Sources */ = {isa = PBXBuildFile; fileRef = 1D40749729A0D99200DB528D /* DiscoverMovieUITests.swift */; };
		1D40749A29A0D99200DB528D /* DiscoverMovieUITestsLaunchTests.swift in Sources */ = {isa = PBXBuildFile; fileRef = 1D40749929A0D99200DB528D /* DiscoverMovieUITestsLaunchTests.swift */; };
		1D4074AB29A0EA5A00DB528D /* UIView+Ext.swift in Sources */ = {isa = PBXBuildFile; fileRef = 1D4074AA29A0EA5A00DB528D /* UIView+Ext.swift */; };
		1D4074AF29A0ED0B00DB528D /* MovieTableViewCell.swift in Sources */ = {isa = PBXBuildFile; fileRef = 1D4074AE29A0ED0B00DB528D /* MovieTableViewCell.swift */; };
/* End PBXBuildFile section */

/* Begin PBXContainerItemProxy section */
		1D40748A29A0D99200DB528D /* PBXContainerItemProxy */ = {
			isa = PBXContainerItemProxy;
			containerPortal = 1D40746829A0D99000DB528D /* Project object */;
			proxyType = 1;
			remoteGlobalIDString = 1D40746F29A0D99000DB528D;
			remoteInfo = DiscoverMovie;
		};
		1D40749429A0D99200DB528D /* PBXContainerItemProxy */ = {
			isa = PBXContainerItemProxy;
			containerPortal = 1D40746829A0D99000DB528D /* Project object */;
			proxyType = 1;
			remoteGlobalIDString = 1D40746F29A0D99000DB528D;
			remoteInfo = DiscoverMovie;
		};
/* End PBXContainerItemProxy section */

/* Begin PBXFileReference section */
		1D40747029A0D99000DB528D /* DiscoverMovie.app */ = {isa = PBXFileReference; explicitFileType = wrapper.application; includeInIndex = 0; path = DiscoverMovie.app; sourceTree = BUILT_PRODUCTS_DIR; };
		1D40747329A0D99000DB528D /* AppDelegate.swift */ = {isa = PBXFileReference; lastKnownFileType = sourcecode.swift; path = AppDelegate.swift; sourceTree = "<group>"; };
		1D40747529A0D99000DB528D /* SceneDelegate.swift */ = {isa = PBXFileReference; lastKnownFileType = sourcecode.swift; path = SceneDelegate.swift; sourceTree = "<group>"; };
		1D40747729A0D99000DB528D /* ViewController.swift */ = {isa = PBXFileReference; lastKnownFileType = sourcecode.swift; path = ViewController.swift; sourceTree = "<group>"; };
		1D40747A29A0D99000DB528D /* Base */ = {isa = PBXFileReference; lastKnownFileType = file.storyboard; name = Base; path = Base.lproj/Main.storyboard; sourceTree = "<group>"; };
		1D40747D29A0D99000DB528D /* DiscoverMovie.xcdatamodel */ = {isa = PBXFileReference; lastKnownFileType = wrapper.xcdatamodel; path = DiscoverMovie.xcdatamodel; sourceTree = "<group>"; };
		1D40747F29A0D99200DB528D /* Assets.xcassets */ = {isa = PBXFileReference; lastKnownFileType = folder.assetcatalog; path = Assets.xcassets; sourceTree = "<group>"; };
		1D40748229A0D99200DB528D /* Base */ = {isa = PBXFileReference; lastKnownFileType = file.storyboard; name = Base; path = Base.lproj/LaunchScreen.storyboard; sourceTree = "<group>"; };
		1D40748429A0D99200DB528D /* Info.plist */ = {isa = PBXFileReference; lastKnownFileType = text.plist.xml; path = Info.plist; sourceTree = "<group>"; };
		1D40748929A0D99200DB528D /* DiscoverMovieTests.xctest */ = {isa = PBXFileReference; explicitFileType = wrapper.cfbundle; includeInIndex = 0; path = DiscoverMovieTests.xctest; sourceTree = BUILT_PRODUCTS_DIR; };
		1D40748D29A0D99200DB528D /* DiscoverMovieTests.swift */ = {isa = PBXFileReference; lastKnownFileType = sourcecode.swift; path = DiscoverMovieTests.swift; sourceTree = "<group>"; };
		1D40749329A0D99200DB528D /* DiscoverMovieUITests.xctest */ = {isa = PBXFileReference; explicitFileType = wrapper.cfbundle; includeInIndex = 0; path = DiscoverMovieUITests.xctest; sourceTree = BUILT_PRODUCTS_DIR; };
		1D40749729A0D99200DB528D /* DiscoverMovieUITests.swift */ = {isa = PBXFileReference; lastKnownFileType = sourcecode.swift; path = DiscoverMovieUITests.swift; sourceTree = "<group>"; };
		1D40749929A0D99200DB528D /* DiscoverMovieUITestsLaunchTests.swift */ = {isa = PBXFileReference; lastKnownFileType = sourcecode.swift; path = DiscoverMovieUITestsLaunchTests.swift; sourceTree = "<group>"; };
		1D4074AA29A0EA5A00DB528D /* UIView+Ext.swift */ = {isa = PBXFileReference; lastKnownFileType = sourcecode.swift; path = "UIView+Ext.swift"; sourceTree = "<group>"; };
		1D4074AE29A0ED0B00DB528D /* MovieTableViewCell.swift */ = {isa = PBXFileReference; lastKnownFileType = sourcecode.swift; path = MovieTableViewCell.swift; sourceTree = "<group>"; };
/* End PBXFileReference section */

/* Begin PBXFrameworksBuildPhase section */
		1D40746D29A0D99000DB528D /* Frameworks */ = {
			isa = PBXFrameworksBuildPhase;
			buildActionMask = 2147483647;
			files = (
			);
			runOnlyForDeploymentPostprocessing = 0;
		};
		1D40748629A0D99200DB528D /* Frameworks */ = {
			isa = PBXFrameworksBuildPhase;
			buildActionMask = 2147483647;
			files = (
			);
			runOnlyForDeploymentPostprocessing = 0;
		};
		1D40749029A0D99200DB528D /* Frameworks */ = {
			isa = PBXFrameworksBuildPhase;
			buildActionMask = 2147483647;
			files = (
			);
			runOnlyForDeploymentPostprocessing = 0;
		};
/* End PBXFrameworksBuildPhase section */

/* Begin PBXGroup section */
		1D40746729A0D99000DB528D = {
			isa = PBXGroup;
			children = (
				1D40747229A0D99000DB528D /* DiscoverMovie */,
				1D40748C29A0D99200DB528D /* DiscoverMovieTests */,
				1D40749629A0D99200DB528D /* DiscoverMovieUITests */,
				1D40747129A0D99000DB528D /* Products */,
			);
			sourceTree = "<group>";
		};
		1D40747129A0D99000DB528D /* Products */ = {
			isa = PBXGroup;
			children = (
				1D40747029A0D99000DB528D /* DiscoverMovie.app */,
				1D40748929A0D99200DB528D /* DiscoverMovieTests.xctest */,
				1D40749329A0D99200DB528D /* DiscoverMovieUITests.xctest */,
			);
			name = Products;
			sourceTree = "<group>";
		};
		1D40747229A0D99000DB528D /* DiscoverMovie */ = {
			isa = PBXGroup;
			children = (
				1D40747329A0D99000DB528D /* AppDelegate.swift */,
				1D40747529A0D99000DB528D /* SceneDelegate.swift */,
				1D40747729A0D99000DB528D /* ViewController.swift */,
				1D4074AE29A0ED0B00DB528D /* MovieTableViewCell.swift */,
				1D4074AA29A0EA5A00DB528D /* UIView+Ext.swift */,
				1D40747929A0D99000DB528D /* Main.storyboard */,
				1D40747F29A0D99200DB528D /* Assets.xcassets */,
				1D40748129A0D99200DB528D /* LaunchScreen.storyboard */,
				1D40748429A0D99200DB528D /* Info.plist */,
				1D40747C29A0D99000DB528D /* DiscoverMovie.xcdatamodeld */,
			);
			path = DiscoverMovie;
			sourceTree = "<group>";
		};
		1D40748C29A0D99200DB528D /* DiscoverMovieTests */ = {
			isa = PBXGroup;
			children = (
				1D40748D29A0D99200DB528D /* DiscoverMovieTests.swift */,
			);
			path = DiscoverMovieTests;
			sourceTree = "<group>";
		};
		1D40749629A0D99200DB528D /* DiscoverMovieUITests */ = {
			isa = PBXGroup;
			children = (
				1D40749729A0D99200DB528D /* DiscoverMovieUITests.swift */,
				1D40749929A0D99200DB528D /* DiscoverMovieUITestsLaunchTests.swift */,
			);
			path = DiscoverMovieUITests;
			sourceTree = "<group>";
		};
/* End PBXGroup section */

/* Begin PBXNativeTarget section */
		1D40746F29A0D99000DB528D /* DiscoverMovie */ = {
			isa = PBXNativeTarget;
			buildConfigurationList = 1D40749D29A0D99200DB528D /* Build configuration list for PBXNativeTarget "DiscoverMovie" */;
			buildPhases = (
				1D40746C29A0D99000DB528D /* Sources */,
				1D40746D29A0D99000DB528D /* Frameworks */,
				1D40746E29A0D99000DB528D /* Resources */,
			);
			buildRules = (
			);
			dependencies = (
			);
			name = DiscoverMovie;
			productName = DiscoverMovie;
			productReference = 1D40747029A0D99000DB528D /* DiscoverMovie.app */;
			productType = "com.apple.product-type.application";
		};
		1D40748829A0D99200DB528D /* DiscoverMovieTests */ = {
			isa = PBXNativeTarget;
			buildConfigurationList = 1D4074A029A0D99200DB528D /* Build configuration list for PBXNativeTarget "DiscoverMovieTests" */;
			buildPhases = (
				1D40748529A0D99200DB528D /* Sources */,
				1D40748629A0D99200DB528D /* Frameworks */,
				1D40748729A0D99200DB528D /* Resources */,
			);
			buildRules = (
			);
			dependencies = (
				1D40748B29A0D99200DB528D /* PBXTargetDependency */,
			);
			name = DiscoverMovieTests;
			productName = DiscoverMovieTests;
			productReference = 1D40748929A0D99200DB528D /* DiscoverMovieTests.xctest */;
			productType = "com.apple.product-type.bundle.unit-test";
		};
		1D40749229A0D99200DB528D /* DiscoverMovieUITests */ = {
			isa = PBXNativeTarget;
			buildConfigurationList = 1D4074A329A0D99200DB528D /* Build configuration list for PBXNativeTarget "DiscoverMovieUITests" */;
			buildPhases = (
				1D40748F29A0D99200DB528D /* Sources */,
				1D40749029A0D99200DB528D /* Frameworks */,
				1D40749129A0D99200DB528D /* Resources */,
			);
			buildRules = (
			);
			dependencies = (
				1D40749529A0D99200DB528D /* PBXTargetDependency */,
			);
			name = DiscoverMovieUITests;
			productName = DiscoverMovieUITests;
			productReference = 1D40749329A0D99200DB528D /* DiscoverMovieUITests.xctest */;
			productType = "com.apple.product-type.bundle.ui-testing";
		};
/* End PBXNativeTarget section */

/* Begin PBXProject section */
		1D40746829A0D99000DB528D /* Project object */ = {
			isa = PBXProject;
			attributes = {
				BuildIndependentTargetsInParallel = 1;
				LastSwiftUpdateCheck = 1420;
				LastUpgradeCheck = 1420;
				TargetAttributes = {
					1D40746F29A0D99000DB528D = {
						CreatedOnToolsVersion = 14.2;
					};
					1D40748829A0D99200DB528D = {
						CreatedOnToolsVersion = 14.2;
						TestTargetID = 1D40746F29A0D99000DB528D;
					};
					1D40749229A0D99200DB528D = {
						CreatedOnToolsVersion = 14.2;
						TestTargetID = 1D40746F29A0D99000DB528D;
					};
				};
			};
			buildConfigurationList = 1D40746B29A0D99000DB528D /* Build configuration list for PBXProject "DiscoverMovie" */;
			compatibilityVersion = "Xcode 14.0";
			developmentRegion = en;
			hasScannedForEncodings = 0;
			knownRegions = (
				en,
				Base,
			);
			mainGroup = 1D40746729A0D99000DB528D;
			productRefGroup = 1D40747129A0D99000DB528D /* Products */;
			projectDirPath = "";
			projectRoot = "";
			targets = (
				1D40746F29A0D99000DB528D /* DiscoverMovie */,
				1D40748829A0D99200DB528D /* DiscoverMovieTests */,
				1D40749229A0D99200DB528D /* DiscoverMovieUITests */,
			);
		};
/* End PBXProject section */

/* Begin PBXResourcesBuildPhase section */
		1D40746E29A0D99000DB528D /* Resources */ = {
			isa = PBXResourcesBuildPhase;
			buildActionMask = 2147483647;
			files = (
				1D40748329A0D99200DB528D /* LaunchScreen.storyboard in Resources */,
				1D40748029A0D99200DB528D /* Assets.xcassets in Resources */,
				1D40747B29A0D99000DB528D /* Main.storyboard in Resources */,
			);
			runOnlyForDeploymentPostprocessing = 0;
		};
		1D40748729A0D99200DB528D /* Resources */ = {
			isa = PBXResourcesBuildPhase;
			buildActionMask = 2147483647;
			files = (
			);
			runOnlyForDeploymentPostprocessing = 0;
		};
		1D40749129A0D99200DB528D /* Resources */ = {
			isa = PBXResourcesBuildPhase;
			buildActionMask = 2147483647;
			files = (
			);
			runOnlyForDeploymentPostprocessing = 0;
		};
/* End PBXResourcesBuildPhase section */

/* Begin PBXSourcesBuildPhase section */
		1D40746C29A0D99000DB528D /* Sources */ = {
			isa = PBXSourcesBuildPhase;
			buildActionMask = 2147483647;
			files = (
				1D40747829A0D99000DB528D /* ViewController.swift in Sources */,
				1D4074AF29A0ED0B00DB528D /* MovieTableViewCell.swift in Sources */,
				1D4074AB29A0EA5A00DB528D /* UIView+Ext.swift in Sources */,
				1D40747E29A0D99000DB528D /* DiscoverMovie.xcdatamodeld in Sources */,
				1D40747429A0D99000DB528D /* AppDelegate.swift in Sources */,
				1D40747629A0D99000DB528D /* SceneDelegate.swift in Sources */,
			);
			runOnlyForDeploymentPostprocessing = 0;
		};
		1D40748529A0D99200DB528D /* Sources */ = {
			isa = PBXSourcesBuildPhase;
			buildActionMask = 2147483647;
			files = (
				1D40748E29A0D99200DB528D /* DiscoverMovieTests.swift in Sources */,
			);
			runOnlyForDeploymentPostprocessing = 0;
		};
		1D40748F29A0D99200DB528D /* Sources */ = {
			isa = PBXSourcesBuildPhase;
			buildActionMask = 2147483647;
			files = (
				1D40749A29A0D99200DB528D /* DiscoverMovieUITestsLaunchTests.swift in Sources */,
				1D40749829A0D99200DB528D /* DiscoverMovieUITests.swift in Sources */,
			);
			runOnlyForDeploymentPostprocessing = 0;
		};
/* End PBXSourcesBuildPhase section */

/* Begin PBXTargetDependency section */
		1D40748B29A0D99200DB528D /* PBXTargetDependency */ = {
			isa = PBXTargetDependency;
			target = 1D40746F29A0D99000DB528D /* DiscoverMovie */;
			targetProxy = 1D40748A29A0D99200DB528D /* PBXContainerItemProxy */;
		};
		1D40749529A0D99200DB528D /* PBXTargetDependency */ = {
			isa = PBXTargetDependency;
			target = 1D40746F29A0D99000DB528D /* DiscoverMovie */;
			targetProxy = 1D40749429A0D99200DB528D /* PBXContainerItemProxy */;
		};
/* End PBXTargetDependency section */

/* Begin PBXVariantGroup section */
		1D40747929A0D99000DB528D /* Main.storyboard */ = {
			isa = PBXVariantGroup;
			children = (
				1D40747A29A0D99000DB528D /* Base */,
			);
			name = Main.storyboard;
			sourceTree = "<group>";
		};
		1D40748129A0D99200DB528D /* LaunchScreen.storyboard */ = {
			isa = PBXVariantGroup;
			children = (
				1D40748229A0D99200DB528D /* Base */,
			);
			name = LaunchScreen.storyboard;
			sourceTree = "<group>";
		};
/* End PBXVariantGroup section */

/* Begin XCBuildConfiguration section */
		1D40749B29A0D99200DB528D /* Debug */ = {
			isa = XCBuildConfiguration;
			buildSettings = {
				ALWAYS_SEARCH_USER_PATHS = NO;
				CLANG_ANALYZER_NONNULL = YES;
				CLANG_ANALYZER_NUMBER_OBJECT_CONVERSION = YES_AGGRESSIVE;
				CLANG_CXX_LANGUAGE_STANDARD = "gnu++20";
				CLANG_ENABLE_MODULES = YES;
				CLANG_ENABLE_OBJC_ARC = YES;
				CLANG_ENABLE_OBJC_WEAK = YES;
				CLANG_WARN_BLOCK_CAPTURE_AUTORELEASING = YES;
				CLANG_WARN_BOOL_CONVERSION = YES;
				CLANG_WARN_COMMA = YES;
				CLANG_WARN_CONSTANT_CONVERSION = YES;
				CLANG_WARN_DEPRECATED_OBJC_IMPLEMENTATIONS = YES;
				CLANG_WARN_DIRECT_OBJC_ISA_USAGE = YES_ERROR;
				CLANG_WARN_DOCUMENTATION_COMMENTS = YES;
				CLANG_WARN_EMPTY_BODY = YES;
				CLANG_WARN_ENUM_CONVERSION = YES;
				CLANG_WARN_INFINITE_RECURSION = YES;
				CLANG_WARN_INT_CONVERSION = YES;
				CLANG_WARN_NON_LITERAL_NULL_CONVERSION = YES;
				CLANG_WARN_OBJC_IMPLICIT_RETAIN_SELF = YES;
				CLANG_WARN_OBJC_LITERAL_CONVERSION = YES;
				CLANG_WARN_OBJC_ROOT_CLASS = YES_ERROR;
				CLANG_WARN_QUOTED_INCLUDE_IN_FRAMEWORK_HEADER = YES;
				CLANG_WARN_RANGE_LOOP_ANALYSIS = YES;
				CLANG_WARN_STRICT_PROTOTYPES = YES;
				CLANG_WARN_SUSPICIOUS_MOVE = YES;
				CLANG_WARN_UNGUARDED_AVAILABILITY = YES_AGGRESSIVE;
				CLANG_WARN_UNREACHABLE_CODE = YES;
				CLANG_WARN__DUPLICATE_METHOD_MATCH = YES;
				COPY_PHASE_STRIP = NO;
				DEBUG_INFORMATION_FORMAT = dwarf;
				ENABLE_STRICT_OBJC_MSGSEND = YES;
				ENABLE_TESTABILITY = YES;
				GCC_C_LANGUAGE_STANDARD = gnu11;
				GCC_DYNAMIC_NO_PIC = NO;
				GCC_NO_COMMON_BLOCKS = YES;
				GCC_OPTIMIZATION_LEVEL = 0;
				GCC_PREPROCESSOR_DEFINITIONS = (
					"DEBUG=1",
					"$(inherited)",
				);
				GCC_WARN_64_TO_32_BIT_CONVERSION = YES;
				GCC_WARN_ABOUT_RETURN_TYPE = YES_ERROR;
				GCC_WARN_UNDECLARED_SELECTOR = YES;
				GCC_WARN_UNINITIALIZED_AUTOS = YES_AGGRESSIVE;
				GCC_WARN_UNUSED_FUNCTION = YES;
				GCC_WARN_UNUSED_VARIABLE = YES;
				IPHONEOS_DEPLOYMENT_TARGET = 16.2;
				MTL_ENABLE_DEBUG_INFO = INCLUDE_SOURCE;
				MTL_FAST_MATH = YES;
				ONLY_ACTIVE_ARCH = YES;
				SDKROOT = iphoneos;
				SWIFT_ACTIVE_COMPILATION_CONDITIONS = DEBUG;
				SWIFT_OPTIMIZATION_LEVEL = "-Onone";
			};
			name = Debug;
		};
		1D40749C29A0D99200DB528D /* Release */ = {
			isa = XCBuildConfiguration;
			buildSettings = {
				ALWAYS_SEARCH_USER_PATHS = NO;
				CLANG_ANALYZER_NONNULL = YES;
				CLANG_ANALYZER_NUMBER_OBJECT_CONVERSION = YES_AGGRESSIVE;
				CLANG_CXX_LANGUAGE_STANDARD = "gnu++20";
				CLANG_ENABLE_MODULES = YES;
				CLANG_ENABLE_OBJC_ARC = YES;
				CLANG_ENABLE_OBJC_WEAK = YES;
				CLANG_WARN_BLOCK_CAPTURE_AUTORELEASING = YES;
				CLANG_WARN_BOOL_CONVERSION = YES;
				CLANG_WARN_COMMA = YES;
				CLANG_WARN_CONSTANT_CONVERSION = YES;
				CLANG_WARN_DEPRECATED_OBJC_IMPLEMENTATIONS = YES;
				CLANG_WARN_DIRECT_OBJC_ISA_USAGE = YES_ERROR;
				CLANG_WARN_DOCUMENTATION_COMMENTS = YES;
				CLANG_WARN_EMPTY_BODY = YES;
				CLANG_WARN_ENUM_CONVERSION = YES;
				CLANG_WARN_INFINITE_RECURSION = YES;
				CLANG_WARN_INT_CONVERSION = YES;
				CLANG_WARN_NON_LITERAL_NULL_CONVERSION = YES;
				CLANG_WARN_OBJC_IMPLICIT_RETAIN_SELF = YES;
				CLANG_WARN_OBJC_LITERAL_CONVERSION = YES;
				CLANG_WARN_OBJC_ROOT_CLASS = YES_ERROR;
				CLANG_WARN_QUOTED_INCLUDE_IN_FRAMEWORK_HEADER = YES;
				CLANG_WARN_RANGE_LOOP_ANALYSIS = YES;
				CLANG_WARN_STRICT_PROTOTYPES = YES;
				CLANG_WARN_SUSPICIOUS_MOVE = YES;
				CLANG_WARN_UNGUARDED_AVAILABILITY = YES_AGGRESSIVE;
				CLANG_WARN_UNREACHABLE_CODE = YES;
				CLANG_WARN__DUPLICATE_METHOD_MATCH = YES;
				COPY_PHASE_STRIP = NO;
				DEBUG_INFORMATION_FORMAT = "dwarf-with-dsym";
				ENABLE_NS_ASSERTIONS = NO;
				ENABLE_STRICT_OBJC_MSGSEND = YES;
				GCC_C_LANGUAGE_STANDARD = gnu11;
				GCC_NO_COMMON_BLOCKS = YES;
				GCC_WARN_64_TO_32_BIT_CONVERSION = YES;
				GCC_WARN_ABOUT_RETURN_TYPE = YES_ERROR;
				GCC_WARN_UNDECLARED_SELECTOR = YES;
				GCC_WARN_UNINITIALIZED_AUTOS = YES_AGGRESSIVE;
				GCC_WARN_UNUSED_FUNCTION = YES;
				GCC_WARN_UNUSED_VARIABLE = YES;
				IPHONEOS_DEPLOYMENT_TARGET = 16.2;
				MTL_ENABLE_DEBUG_INFO = NO;
				MTL_FAST_MATH = YES;
				SDKROOT = iphoneos;
				SWIFT_COMPILATION_MODE = wholemodule;
				SWIFT_OPTIMIZATION_LEVEL = "-O";
				VALIDATE_PRODUCT = YES;
			};
			name = Release;
		};
		1D40749E29A0D99200DB528D /* Debug */ = {
			isa = XCBuildConfiguration;
			buildSettings = {
				ASSETCATALOG_COMPILER_APPICON_NAME = AppIcon;
				ASSETCATALOG_COMPILER_GLOBAL_ACCENT_COLOR_NAME = AccentColor;
				CODE_SIGN_STYLE = Automatic;
				CURRENT_PROJECT_VERSION = 1;
				DEVELOPMENT_TEAM = DVL363TLWB;
				GENERATE_INFOPLIST_FILE = YES;
				INFOPLIST_FILE = DiscoverMovie/Info.plist;
				INFOPLIST_KEY_UIApplicationSupportsIndirectInputEvents = YES;
				INFOPLIST_KEY_UILaunchStoryboardName = LaunchScreen;
				INFOPLIST_KEY_UIMainStoryboardFile = Main;
				INFOPLIST_KEY_UISupportedInterfaceOrientations_iPad = "UIInterfaceOrientationPortrait UIInterfaceOrientationPortraitUpsideDown UIInterfaceOrientationLandscapeLeft UIInterfaceOrientationLandscapeRight";
				INFOPLIST_KEY_UISupportedInterfaceOrientations_iPhone = "UIInterfaceOrientationPortrait UIInterfaceOrientationLandscapeLeft UIInterfaceOrientationLandscapeRight";
				LD_RUNPATH_SEARCH_PATHS = (
					"$(inherited)",
					"@executable_path/Frameworks",
				);
				MARKETING_VERSION = 1.0;
				PRODUCT_BUNDLE_IDENTIFIER = com.zackyazmi.DiscoverMovie;
				PRODUCT_NAME = "$(TARGET_NAME)";
				SWIFT_EMIT_LOC_STRINGS = YES;
				SWIFT_VERSION = 5.0;
				TARGETED_DEVICE_FAMILY = "1,2";
			};
			name = Debug;
		};
		1D40749F29A0D99200DB528D /* Release */ = {
			isa = XCBuildConfiguration;
			buildSettings = {
				ASSETCATALOG_COMPILER_APPICON_NAME = AppIcon;
				ASSETCATALOG_COMPILER_GLOBAL_ACCENT_COLOR_NAME = AccentColor;
				CODE_SIGN_STYLE = Automatic;
				CURRENT_PROJECT_VERSION = 1;
				DEVELOPMENT_TEAM = DVL363TLWB;
				GENERATE_INFOPLIST_FILE = YES;
				INFOPLIST_FILE = DiscoverMovie/Info.plist;
				INFOPLIST_KEY_UIApplicationSupportsIndirectInputEvents = YES;
				INFOPLIST_KEY_UILaunchStoryboardName = LaunchScreen;
				INFOPLIST_KEY_UIMainStoryboardFile = Main;
				INFOPLIST_KEY_UISupportedInterfaceOrientations_iPad = "UIInterfaceOrientationPortrait UIInterfaceOrientationPortraitUpsideDown UIInterfaceOrientationLandscapeLeft UIInterfaceOrientationLandscapeRight";
				INFOPLIST_KEY_UISupportedInterfaceOrientations_iPhone = "UIInterfaceOrientationPortrait UIInterfaceOrientationLandscapeLeft UIInterfaceOrientationLandscapeRight";
				LD_RUNPATH_SEARCH_PATHS = (
					"$(inherited)",
					"@executable_path/Frameworks",
				);
				MARKETING_VERSION = 1.0;
				PRODUCT_BUNDLE_IDENTIFIER = com.zackyazmi.DiscoverMovie;
				PRODUCT_NAME = "$(TARGET_NAME)";
				SWIFT_EMIT_LOC_STRINGS = YES;
				SWIFT_VERSION = 5.0;
				TARGETED_DEVICE_FAMILY = "1,2";
			};
			name = Release;
		};
		1D4074A129A0D99200DB528D /* Debug */ = {
			isa = XCBuildConfiguration;
			buildSettings = {
				ALWAYS_EMBED_SWIFT_STANDARD_LIBRARIES = YES;
				BUNDLE_LOADER = "$(TEST_HOST)";
				CODE_SIGN_STYLE = Automatic;
				CURRENT_PROJECT_VERSION = 1;
				DEVELOPMENT_TEAM = DVL363TLWB;
				GENERATE_INFOPLIST_FILE = YES;
				IPHONEOS_DEPLOYMENT_TARGET = 16.2;
				MARKETING_VERSION = 1.0;
				PRODUCT_BUNDLE_IDENTIFIER = com.zackyazmi.DiscoverMovieTests;
				PRODUCT_NAME = "$(TARGET_NAME)";
				SWIFT_EMIT_LOC_STRINGS = NO;
				SWIFT_VERSION = 5.0;
				TARGETED_DEVICE_FAMILY = "1,2";
				TEST_HOST = "$(BUILT_PRODUCTS_DIR)/DiscoverMovie.app/$(BUNDLE_EXECUTABLE_FOLDER_PATH)/DiscoverMovie";
			};
			name = Debug;
		};
		1D4074A229A0D99200DB528D /* Release */ = {
			isa = XCBuildConfiguration;
			buildSettings = {
				ALWAYS_EMBED_SWIFT_STANDARD_LIBRARIES = YES;
				BUNDLE_LOADER = "$(TEST_HOST)";
				CODE_SIGN_STYLE = Automatic;
				CURRENT_PROJECT_VERSION = 1;
				DEVELOPMENT_TEAM = DVL363TLWB;
				GENERATE_INFOPLIST_FILE = YES;
				IPHONEOS_DEPLOYMENT_TARGET = 16.2;
				MARKETING_VERSION = 1.0;
				PRODUCT_BUNDLE_IDENTIFIER = com.zackyazmi.DiscoverMovieTests;
				PRODUCT_NAME = "$(TARGET_NAME)";
				SWIFT_EMIT_LOC_STRINGS = NO;
				SWIFT_VERSION = 5.0;
				TARGETED_DEVICE_FAMILY = "1,2";
				TEST_HOST = "$(BUILT_PRODUCTS_DIR)/DiscoverMovie.app/$(BUNDLE_EXECUTABLE_FOLDER_PATH)/DiscoverMovie";
			};
			name = Release;
		};
		1D4074A429A0D99200DB528D /* Debug */ = {
			isa = XCBuildConfiguration;
			buildSettings = {
				ALWAYS_EMBED_SWIFT_STANDARD_LIBRARIES = YES;
				CODE_SIGN_STYLE = Automatic;
				CURRENT_PROJECT_VERSION = 1;
				DEVELOPMENT_TEAM = DVL363TLWB;
				GENERATE_INFOPLIST_FILE = YES;
				MARKETING_VERSION = 1.0;
				PRODUCT_BUNDLE_IDENTIFIER = com.zackyazmi.DiscoverMovieUITests;
				PRODUCT_NAME = "$(TARGET_NAME)";
				SWIFT_EMIT_LOC_STRINGS = NO;
				SWIFT_VERSION = 5.0;
				TARGETED_DEVICE_FAMILY = "1,2";
				TEST_TARGET_NAME = DiscoverMovie;
			};
			name = Debug;
		};
		1D4074A529A0D99200DB528D /* Release */ = {
			isa = XCBuildConfiguration;
			buildSettings = {
				ALWAYS_EMBED_SWIFT_STANDARD_LIBRARIES = YES;
				CODE_SIGN_STYLE = Automatic;
				CURRENT_PROJECT_VERSION = 1;
				DEVELOPMENT_TEAM = DVL363TLWB;
				GENERATE_INFOPLIST_FILE = YES;
				MARKETING_VERSION = 1.0;
				PRODUCT_BUNDLE_IDENTIFIER = com.zackyazmi.DiscoverMovieUITests;
				PRODUCT_NAME = "$(TARGET_NAME)";
				SWIFT_EMIT_LOC_STRINGS = NO;
				SWIFT_VERSION = 5.0;
				TARGETED_DEVICE_FAMILY = "1,2";
				TEST_TARGET_NAME = DiscoverMovie;
			};
			name = Release;
		};
/* End XCBuildConfiguration section */

/* Begin XCConfigurationList section */
		1D40746B29A0D99000DB528D /* Build configuration list for PBXProject "DiscoverMovie" */ = {
			isa = XCConfigurationList;
			buildConfigurations = (
				1D40749B29A0D99200DB528D /* Debug */,
				1D40749C29A0D99200DB528D /* Release */,
			);
			defaultConfigurationIsVisible = 0;
			defaultConfigurationName = Release;
		};
		1D40749D29A0D99200DB528D /* Build configuration list for PBXNativeTarget "DiscoverMovie" */ = {
			isa = XCConfigurationList;
			buildConfigurations = (
				1D40749E29A0D99200DB528D /* Debug */,
				1D40749F29A0D99200DB528D /* Release */,
			);
			defaultConfigurationIsVisible = 0;
			defaultConfigurationName = Release;
		};
		1D4074A029A0D99200DB528D /* Build configuration list for PBXNativeTarget "DiscoverMovieTests" */ = {
			isa = XCConfigurationList;
			buildConfigurations = (
				1D4074A129A0D99200DB528D /* Debug */,
				1D4074A229A0D99200DB528D /* Release */,
			);
			defaultConfigurationIsVisible = 0;
			defaultConfigurationName = Release;
		};
		1D4074A329A0D99200DB528D /* Build configuration list for PBXNativeTarget "DiscoverMovieUITests" */ = {
			isa = XCConfigurationList;
			buildConfigurations = (
				1D4074A429A0D99200DB528D /* Debug */,
				1D4074A529A0D99200DB528D /* Release */,
			);
			defaultConfigurationIsVisible = 0;
			defaultConfigurationName = Release;
		};
/* End XCConfigurationList section */

/* Begin XCVersionGroup section */
		1D40747C29A0D99000DB528D /* DiscoverMovie.xcdatamodeld */ = {
			isa = XCVersionGroup;
			children = (
				1D40747D29A0D99000DB528D /* DiscoverMovie.xcdatamodel */,
			);
			currentVersion = 1D40747D29A0D99000DB528D /* DiscoverMovie.xcdatamodel */;
			path = DiscoverMovie.xcdatamodeld;
			sourceTree = "<group>";
			versionGroupType = wrapper.xcdatamodel;
		};
/* End XCVersionGroup section */
	};
	rootObject = 1D40746829A0D99000DB528D /* Project object */;
}
